
Microsoft Visual Studio Solution File, Format Version 12.00
# Visual Studio Version 17
VisualStudioVersion = 17.11.35312.102
MinimumVisualStudioVersion = 10.0.40219.1
Project("{FAE04EC0-301F-11D3-BF4B-00C04F79EFBC}") = "bookDemo", "bookDemo.csproj", "{5F6F9D9C-6E4D-4400-AAE9-D839EEB8B68D}"
EndProject
Global
	GlobalSection(SolutionConfigurationPlatforms) = preSolution
		Debug|Any CPU = Debug|Any CPU
		Release|Any CPU = Release|Any CPU
	EndGlobalSection
	GlobalSection(ProjectConfigurationPlatforms) = postSolution
		{5F6F9D9C-6E4D-4400-AAE9-D839EEB8B68D}.Debug|Any CPU.ActiveCfg = Debug|Any CPU
		{5F6F9D9C-6E4D-4400-AAE9-D839EEB8B68D}.Debug|Any CPU.Build.0 = Debug|Any CPU
		{5F6F9D9C-6E4D-4400-AAE9-D839EEB8B68D}.Release|Any CPU.ActiveCfg = Release|Any CPU
		{5F6F9D9C-6E4D-4400-AAE9-D839EEB8B68D}.Release|Any CPU.Build.0 = Release|Any CPU
	EndGlobalSection
	GlobalSection(SolutionProperties) = preSolution
		HideSolutionNode = FALSE
	EndGlobalSection
	GlobalSection(ExtensibilityGlobals) = postSolution
		SolutionGuid = {118D3B39-89FE-4D7D-A518-A13CF17B0947}
	EndGlobalSection
EndGlobal
